// !$*UTF8*$!
{
	archiveVersion = 1;
	classes = {
	};
	objectVersion = 46;
	objects = {

/* Begin PBXBuildFile section */
		641E39B71BFDA78C00F0D77C /* main.m in Sources */ = {isa = PBXBuildFile; fileRef = 641E39B61BFDA78C00F0D77C /* main.m */; };
		641E39BA1BFDA78C00F0D77C /* AppDelegate.m in Sources */ = {isa = PBXBuildFile; fileRef = 641E39B91BFDA78C00F0D77C /* AppDelegate.m */; };
		641E39BD1BFDA78C00F0D77C /* ViewController.m in Sources */ = {isa = PBXBuildFile; fileRef = 641E39BC1BFDA78C00F0D77C /* ViewController.m */; };
		641E39C01BFDA78C00F0D77C /* Main.storyboard in Resources */ = {isa = PBXBuildFile; fileRef = 641E39BE1BFDA78C00F0D77C /* Main.storyboard */; };
		641E39C21BFDA78C00F0D77C /* Assets.xcassets in Resources */ = {isa = PBXBuildFile; fileRef = 641E39C11BFDA78C00F0D77C /* Assets.xcassets */; };
		641E39C51BFDA78D00F0D77C /* LaunchScreen.storyboard in Resources */ = {isa = PBXBuildFile; fileRef = 641E39C31BFDA78D00F0D77C /* LaunchScreen.storyboard */; };
		641E39CE1BFDA7EC00F0D77C /* FirstViewController.m in Sources */ = {isa = PBXBuildFile; fileRef = 641E39CD1BFDA7EC00F0D77C /* FirstViewController.m */; settings = {ASSET_TAGS = (); }; };
/* End PBXBuildFile section */

/* Begin PBXFileReference section */
		641E39B21BFDA78C00F0D77C /* UnwindSegueDemo.app */ = {isa = PBXFileReference; explicitFileType = wrapper.application; includeInIndex = 0; path = UnwindSegueDemo.app; sourceTree = BUILT_PRODUCTS_DIR; };
		641E39B61BFDA78C00F0D77C /* main.m */ = {isa = PBXFileReference; lastKnownFileType = sourcecode.c.objc; path = main.m; sourceTree = "<group>"; };
		641E39B81BFDA78C00F0D77C /* AppDelegate.h */ = {isa = PBXFileReference; lastKnownFileType = sourcecode.c.h; path = AppDelegate.h; sourceTree = "<group>"; };
		641E39B91BFDA78C00F0D77C /* AppDelegate.m */ = {isa = PBXFileReference; lastKnownFileType = sourcecode.c.objc; path = AppDelegate.m; sourceTree = "<group>"; };
		641E39BB1BFDA78C00F0D77C /* ViewController.h */ = {isa = PBXFileReference; lastKnownFileType = sourcecode.c.h; path = ViewController.h; sourceTree = "<group>"; };
		641E39BC1BFDA78C00F0D77C /* ViewController.m */ = {isa = PBXFileReference; lastKnownFileType = sourcecode.c.objc; path = ViewController.m; sourceTree = "<group>"; };
		641E39BF1BFDA78C00F0D77C /* Base */ = {isa = PBXFileReference; lastKnownFileType = file.storyboard; name = Base; path = Base.lproj/Main.storyboard; sourceTree = "<group>"; };
		641E39C11BFDA78C00F0D77C /* Assets.xcassets */ = {isa = PBXFileReference; lastKnownFileType = folder.assetcatalog; path = Assets.xcassets; sourceTree = "<group>"; };
		641E39C41BFDA78D00F0D77C /* Base */ = {isa = PBXFileReference; lastKnownFileType = file.storyboard; name = Base; path = Base.lproj/LaunchScreen.storyboard; sourceTree = "<group>"; };
		641E39C61BFDA78D00F0D77C /* Info.plist */ = {isa = PBXFileReference; lastKnownFileType = text.plist.xml; path = Info.plist; sourceTree = "<group>"; };
		641E39CC1BFDA7EC00F0D77C /* FirstViewController.h */ = {isa = PBXFileReference; fileEncoding = 4; lastKnownFileType = sourcecode.c.h; path = FirstViewController.h; sourceTree = "<group>"; };
		641E39CD1BFDA7EC00F0D77C /* FirstViewController.m */ = {isa = PBXFileReference; fileEncoding = 4; lastKnownFileType = sourcecode.c.objc; path = FirstViewController.m; sourceTree = "<group>"; };
/* End PBXFileReference section */

/* Begin PBXFrameworksBuildPhase section */
		641E39AF1BFDA78C00F0D77C /* Frameworks */ = {
			isa = PBXFrameworksBuildPhase;
			buildActionMask = 2147483647;
			files = (
			);
			runOnlyForDeploymentPostprocessing = 0;
		};
/* End PBXFrameworksBuildPhase section */

/* Begin PBXGroup section */
		641E39A91BFDA78C00F0D77C = {
			isa = PBXGroup;
			children = (
				641E39B41BFDA78C00F0D77C /* UnwindSegueDemo */,
				641E39B31BFDA78C00F0D77C /* Products */,
			);
			sourceTree = "<group>";
		};
		641E39B31BFDA78C00F0D77C /* Products */ = {
			isa = PBXGroup;
			children = (
				641E39B21BFDA78C00F0D77C /* UnwindSegueDemo.app */,
			);
			name = Products;
			sourceTree = "<group>";
		};
		641E39B41BFDA78C00F0D77C /* UnwindSegueDemo */ = {
			isa = PBXGroup;
			children = (
				641E39B81BFDA78C00F0D77C /* AppDelegate.h */,
				641E39B91BFDA78C00F0D77C /* AppDelegate.m */,
				641E39BB1BFDA78C00F0D77C /* ViewController.h */,
				641E39BC1BFDA78C00F0D77C /* ViewController.m */,
				641E39CC1BFDA7EC00F0D77C /* FirstViewController.h */,
				641E39CD1BFDA7EC00F0D77C /* FirstViewController.m */,
				641E39BE1BFDA78C00F0D77C /* Main.storyboard */,
				641E39C11BFDA78C00F0D77C /* Assets.xcassets */,
				641E39C31BFDA78D00F0D77C /* LaunchScreen.storyboard */,
				641E39C61BFDA78D00F0D77C /* Info.plist */,
				641E39B51BFDA78C00F0D77C /* Supporting Files */,
			);
			path = UnwindSegueDemo;
			sourceTree = "<group>";
		};
		641E39B51BFDA78C00F0D77C /* Supporting Files */ = {
			isa = PBXGroup;
			children = (
				641E39B61BFDA78C00F0D77C /* main.m */,
			);
			name = "Supporting Files";
			sourceTree = "<group>";
		};
/* End PBXGroup section */

/* Begin PBXNativeTarget section */
		641E39B11BFDA78C00F0D77C /* UnwindSegueDemo */ = {
			isa = PBXNativeTarget;
			buildConfigurationList = 641E39C91BFDA78D00F0D77C /* Build configuration list for PBXNativeTarget "UnwindSegueDemo" */;
			buildPhases = (
				641E39AE1BFDA78C00F0D77C /* Sources */,
				641E39AF1BFDA78C00F0D77C /* Frameworks */,
				641E39B01BFDA78C00F0D77C /* Resources */,
			);
			buildRules = (
			);
			dependencies = (
			);
			name = UnwindSegueDemo;
			productName = UnwindSegueDemo;
			productReference = 641E39B21BFDA78C00F0D77C /* UnwindSegueDemo.app */;
			productType = "com.apple.product-type.application";
		};
/* End PBXNativeTarget section */

/* Begin PBXProject section */
		641E39AA1BFDA78C00F0D77C /* Project object */ = {
			isa = PBXProject;
			attributes = {
				LastUpgradeCheck = 0700;
				ORGANIZATIONNAME = Vikita;
				TargetAttributes = {
					641E39B11BFDA78C00F0D77C = {
						CreatedOnToolsVersion = 7.0;
					};
				};
			};
			buildConfigurationList = 641E39AD1BFDA78C00F0D77C /* Build configuration list for PBXProject "UnwindSegueDemo" */;
			compatibilityVersion = "Xcode 3.2";
			developmentRegion = English;
			hasScannedForEncodings = 0;
			knownRegions = (
				en,
				Base,
			);
			mainGroup = 641E39A91BFDA78C00F0D77C;
			productRefGroup = 641E39B31BFDA78C00F0D77C /* Products */;
			projectDirPath = "";
			projectRoot = "";
			targets = (
				641E39B11BFDA78C00F0D77C /* UnwindSegueDemo */,
			);
		};
/* End PBXProject section */

/* Begin PBXResourcesBuildPhase section */
		641E39B01BFDA78C00F0D77C /* Resources */ = {
			isa = PBXResourcesBuildPhase;
			buildActionMask = 2147483647;
			files = (
				641E39C51BFDA78D00F0D77C /* LaunchScreen.storyboard in Resources */,
				641E39C21BFDA78C00F0D77C /* Assets.xcassets in Resources */,
				641E39C01BFDA78C00F0D77C /* Main.storyboard in Resources */,
			);
			runOnlyForDeploymentPostprocessing = 0;
		};
/* End PBXResourcesBuildPhase section */

/* Begin PBXSourcesBuildPhase section */
		641E39AE1BFDA78C00F0D77C /* Sources */ = {
			isa = PBXSourcesBuildPhase;
			buildActionMask = 2147483647;
			files = (
				641E39BD1BFDA78C00F0D77C /* ViewController.m in Sources */,
				641E39BA1BFDA78C00F0D77C /* AppDelegate.m in Sources */,
				641E39B71BFDA78C00F0D77C /* main.m in Sources */,
				641E39CE1BFDA7EC00F0D77C /* FirstViewController.m in Sources */,
			);
			runOnlyForDeploymentPostprocessing = 0;
		};
/* End PBXSourcesBuildPhase section */

/* Begin PBXVariantGroup section */
		641E39BE1BFDA78C00F0D77C /* Main.storyboard */ = {
			isa = PBXVariantGroup;
			children = (
				641E39BF1BFDA78C00F0D77C /* Base */,
			);
			name = Main.storyboard;
			sourceTree = "<group>";
		};
		641E39C31BFDA78D00F0D77C /* LaunchScreen.storyboard */ = {
			isa = PBXVariantGroup;
			children = (
				641E39C41BFDA78D00F0D77C /* Base */,
			);
			name = LaunchScreen.storyboard;
			sourceTree = "<group>";
		};
/* End PBXVariantGroup section */

/* Begin XCBuildConfiguration section */
		641E39C71BFDA78D00F0D77C /* Debug */ = {
			isa = XCBuildConfiguration;
			buildSettings = {
				ALWAYS_SEARCH_USER_PATHS = NO;
				CLANG_CXX_LANGUAGE_STANDARD = "gnu++0x";
				CLANG_CXX_LIBRARY = "libc++";
				CLANG_ENABLE_MODULES = YES;
				CLANG_ENABLE_OBJC_ARC = YES;
				CLANG_WARN_BOOL_CONVERSION = YES;
				CLANG_WARN_CONSTANT_CONVERSION = YES;
				CLANG_WARN_DIRECT_OBJC_ISA_USAGE = YES_ERROR;
				CLANG_WARN_EMPTY_BODY = YES;
				CLANG_WARN_ENUM_CONVERSION = YES;
				CLANG_WARN_INT_CONVERSION = YES;
				CLANG_WARN_OBJC_ROOT_CLASS = YES_ERROR;
				CLANG_WARN_UNREACHABLE_CODE = YES;
				CLANG_WARN__DUPLICATE_METHOD_MATCH = YES;
				"CODE_SIGN_IDENTITY[sdk=iphoneos*]" = "iPhone Developer";
				COPY_PHASE_STRIP = NO;
				DEBUG_INFORMATION_FORMAT = dwarf;
				ENABLE_STRICT_OBJC_MSGSEND = YES;
				ENABLE_TESTABILITY = YES;
				GCC_C_LANGUAGE_STANDARD = gnu99;
				GCC_DYNAMIC_NO_PIC = NO;
				GCC_NO_COMMON_BLOCKS = YES;
				GCC_OPTIMIZATION_LEVEL = 0;
				GCC_PREPROCESSOR_DEFINITIONS = (
					"DEBUG=1",
					"$(inherited)",
				);
				GCC_WARN_64_TO_32_BIT_CONVERSION = YES;
				GCC_WARN_ABOUT_RETURN_TYPE = YES_ERROR;
				GCC_WARN_UNDECLARED_SELECTOR = YES;
				GCC_WARN_UNINITIALIZED_AUTOS = YES_AGGRESSIVE;
				GCC_WARN_UNUSED_FUNCTION = YES;
				GCC_WARN_UNUSED_VARIABLE = YES;
				IPHONEOS_DEPLOYMENT_TARGET = 9.0;
				MTL_ENABLE_DEBUG_INFO = YES;
				ONLY_ACTIVE_ARCH = YES;
				SDKROOT = iphoneos;
			};
			name = Debug;
		};
		641E39C81BFDA78D00F0D77C /* Release */ = {
			isa = XCBuildConfiguration;
			buildSettings = {
				ALWAYS_SEARCH_USER_PATHS = NO;
				CLANG_CXX_LANGUAGE_STANDARD = "gnu++0x";
				CLANG_CXX_LIBRARY = "libc++";
				CLANG_ENABLE_MODULES = YES;
				CLANG_ENABLE_OBJC_ARC = YES;
				CLANG_WARN_BOOL_CONVERSION = YES;
				CLANG_WARN_CONSTANT_CONVERSION = YES;
				CLANG_WARN_DIRECT_OBJC_ISA_USAGE = YES_ERROR;
				CLANG_WARN_EMPTY_BODY = YES;
				CLANG_WARN_ENUM_CONVERSION = YES;
				CLANG_WARN_INT_CONVERSION = YES;
				CLANG_WARN_OBJC_ROOT_CLASS = YES_ERROR;
				CLANG_WARN_UNREACHABLE_CODE = YES;
				CLANG_WARN__DUPLICATE_METHOD_MATCH = YES;
				"CODE_SIGN_IDENTITY[sdk=iphoneos*]" = "iPhone Developer";
				COPY_PHASE_STRIP = NO;
				DEBUG_INFORMATION_FORMAT = "dwarf-with-dsym";
				ENABLE_NS_ASSERTIONS = NO;
				ENABLE_STRICT_OBJC_MSGSEND = YES;
				GCC_C_LANGUAGE_STANDARD = gnu99;
				GCC_NO_COMMON_BLOCKS = YES;
				GCC_WARN_64_TO_32_BIT_CONVERSION = YES;
				GCC_WARN_ABOUT_RETURN_TYPE = YES_ERROR;
				GCC_WARN_UNDECLARED_SELECTOR = YES;
				GCC_WARN_UNINITIALIZED_AUTOS = YES_AGGRESSIVE;
				GCC_WARN_UNUSED_FUNCTION = YES;
				GCC_WARN_UNUSED_VARIABLE = YES;
				IPHONEOS_DEPLOYMENT_TARGET = 9.0;
				MTL_ENABLE_DEBUG_INFO = NO;
				SDKROOT = iphoneos;
				VALIDATE_PRODUCT = YES;
			};
			name = Release;
		};
		641E39CA1BFDA78D00F0D77C /* Debug */ = {
			isa = XCBuildConfiguration;
			buildSettings = {
				ASSETCATALOG_COMPILER_APPICON_NAME = AppIcon;
				INFOPLIST_FILE = UnwindSegueDemo/Info.plist;
				LD_RUNPATH_SEARCH_PATHS = "$(inherited) @executable_path/Frameworks";
				PRODUCT_BUNDLE_IDENTIFIER = com.spaceo.UnwindSegueDemo;
				PRODUCT_NAME = "$(TARGET_NAME)";
			};
			name = Debug;
		};
		641E39CB1BFDA78D00F0D77C /* Release */ = {
			isa = XCBuildConfiguration;
			buildSettings = {
				ASSETCATALOG_COMPILER_APPICON_NAME = AppIcon;
				INFOPLIST_FILE = UnwindSegueDemo/Info.plist;
				LD_RUNPATH_SEARCH_PATHS = "$(inherited) @executable_path/Frameworks";
				PRODUCT_BUNDLE_IDENTIFIER = com.spaceo.UnwindSegueDemo;
				PRODUCT_NAME = "$(TARGET_NAME)";
			};
			name = Release;
		};
/* End XCBuildConfiguration section */

/* Begin XCConfigurationList section */
		641E39AD1BFDA78C00F0D77C /* Build configuration list for PBXProject "UnwindSegueDemo" */ = {
			isa = XCConfigurationList;
			buildConfigurations = (
				641E39C71BFDA78D00F0D77C /* Debug */,
				641E39C81BFDA78D00F0D77C /* Release */,
			);
			defaultConfigurationIsVisible = 0;
			defaultConfigurationName = Release;
		};
		641E39C91BFDA78D00F0D77C /* Build configuration list for PBXNativeTarget "UnwindSegueDemo" */ = {
			isa = XCConfigurationList;
			buildConfigurations = (
				641E39CA1BFDA78D00F0D77C /* Debug */,
				641E39CB1BFDA78D00F0D77C /* Release */,
			);
			defaultConfigurationIsVisible = 0;
		};
/* End XCConfigurationList section */
	};
	rootObject = 641E39AA1BFDA78C00F0D77C /* Project object */;
}
